// !$*UTF8*$!
{
	archiveVersion = 1;
	classes = {
	};
	objectVersion = 46;
	objects = {

/* Begin PBXBuildFile section */
		0FD6B06AE5B4E2B0CC792F8D /* Pods_Example.framework in Frameworks */ = {isa = PBXBuildFile; fileRef = 69079252FB95C8FEE9CB05C8 /* Pods_Example.framework */; };
		4511E4091DE49DFC0026C975 /* Observable+timer.swift in Sources */ = {isa = PBXBuildFile; fileRef = 4511E4081DE49DFC0026C975 /* Observable+timer.swift */; };
		45199F0E1DE93AFE00846954 /* Cell+Init.swift in Sources */ = {isa = PBXBuildFile; fileRef = 45199F0D1DE93AFE00846954 /* Cell+Init.swift */; };
		4535D21F1DDC547800C9677A /* BNKit.h in Headers */ = {isa = PBXBuildFile; fileRef = 4535D21D1DDC547800C9677A /* BNKit.h */; settings = {ATTRIBUTES = (Public, ); }; };
		4535D22D1DDC55B500C9677A /* AppDelegate.swift in Sources */ = {isa = PBXBuildFile; fileRef = 4535D22C1DDC55B500C9677A /* AppDelegate.swift */; };
		4535D22F1DDC55B500C9677A /* ViewController.swift in Sources */ = {isa = PBXBuildFile; fileRef = 4535D22E1DDC55B500C9677A /* ViewController.swift */; };
		4535D2321DDC55B500C9677A /* Main.storyboard in Resources */ = {isa = PBXBuildFile; fileRef = 4535D2301DDC55B500C9677A /* Main.storyboard */; };
		4535D2341DDC55B500C9677A /* Assets.xcassets in Resources */ = {isa = PBXBuildFile; fileRef = 4535D2331DDC55B500C9677A /* Assets.xcassets */; };
		4535D2371DDC55B500C9677A /* LaunchScreen.storyboard in Resources */ = {isa = PBXBuildFile; fileRef = 4535D2351DDC55B500C9677A /* LaunchScreen.storyboard */; };
		4535D2411DDD384200C9677A /* Array+.swift in Sources */ = {isa = PBXBuildFile; fileRef = 4535D2401DDD384200C9677A /* Array+.swift */; };
		4535D2431DDD387000C9677A /* Dictionary+.swift in Sources */ = {isa = PBXBuildFile; fileRef = 4535D2421DDD387000C9677A /* Dictionary+.swift */; };
		4535D2451DDD38C100C9677A /* Queue.swift in Sources */ = {isa = PBXBuildFile; fileRef = 4535D2441DDD38C100C9677A /* Queue.swift */; };
		458125401DE2B09C002E3923 /* Operators+.swift in Sources */ = {isa = PBXBuildFile; fileRef = 4581253F1DE2B09C002E3923 /* Operators+.swift */; };
		45A3D62E1DE0A749005B91A6 /* Number+random.swift in Sources */ = {isa = PBXBuildFile; fileRef = 45A3D62D1DE0A749005B91A6 /* Number+random.swift */; };
		45A3D6301DE19156005B91A6 /* BNKit.framework in Frameworks */ = {isa = PBXBuildFile; fileRef = 4535D21A1DDC547800C9677A /* BNKit.framework */; };
		45A3D6311DE19156005B91A6 /* BNKit.framework in Embed Frameworks */ = {isa = PBXBuildFile; fileRef = 4535D21A1DDC547800C9677A /* BNKit.framework */; settings = {ATTRIBUTES = (CodeSignOnCopy, RemoveHeadersOnCopy, ); }; };
		45A4CC591DE1FCEF008F625B /* CanHandleNotification.swift in Sources */ = {isa = PBXBuildFile; fileRef = 45A4CC581DE1FCEF008F625B /* CanHandleNotification.swift */; };
		45A4CC5B1DE3505D008F625B /* UICollectionView+Rx.swift in Sources */ = {isa = PBXBuildFile; fileRef = 45A4CC5A1DE3505D008F625B /* UICollectionView+Rx.swift */; };
		45B928BF1DDD3E2900BDCB41 /* TimeInterval+.swift in Sources */ = {isa = PBXBuildFile; fileRef = 45B928BE1DDD3E2900BDCB41 /* TimeInterval+.swift */; };
		45B928C11DDD3E7100BDCB41 /* NSObject+objc_Value.swift in Sources */ = {isa = PBXBuildFile; fileRef = 45B928C01DDD3E7100BDCB41 /* NSObject+objc_Value.swift */; };
		45B928C61DDD415800BDCB41 /* UIStoryboard+Name.swift in Sources */ = {isa = PBXBuildFile; fileRef = 45B928C51DDD415800BDCB41 /* UIStoryboard+Name.swift */; };
		45B928C81DDD428F00BDCB41 /* CellSelfSized.swift in Sources */ = {isa = PBXBuildFile; fileRef = 45B928C71DDD428F00BDCB41 /* CellSelfSized.swift */; };
		45B928CA1DDD42E300BDCB41 /* UIViewController+Alert.swift in Sources */ = {isa = PBXBuildFile; fileRef = 45B928C91DDD42E300BDCB41 /* UIViewController+Alert.swift */; };
		45B928CC1DDD42F100BDCB41 /* UIView+IBInspectable.swift in Sources */ = {isa = PBXBuildFile; fileRef = 45B928CB1DDD42F100BDCB41 /* UIView+IBInspectable.swift */; };
		45B928CE1DDD435E00BDCB41 /* UIView+Animation.swift in Sources */ = {isa = PBXBuildFile; fileRef = 45B928CD1DDD435E00BDCB41 /* UIView+Animation.swift */; };
		45B928D01DDD437900BDCB41 /* UIColor+Hex.swift in Sources */ = {isa = PBXBuildFile; fileRef = 45B928CF1DDD437900BDCB41 /* UIColor+Hex.swift */; };
		45B928D21DDD43D200BDCB41 /* UIColor+Flat.swift in Sources */ = {isa = PBXBuildFile; fileRef = 45B928D11DDD43D200BDCB41 /* UIColor+Flat.swift */; };
		45B928D61DDD44D800BDCB41 /* CoreDataStack.swift in Sources */ = {isa = PBXBuildFile; fileRef = 45B928D41DDD44D800BDCB41 /* CoreDataStack.swift */; };
		45B928D71DDD44D800BDCB41 /* ManagedObjectType.swift in Sources */ = {isa = PBXBuildFile; fileRef = 45B928D51DDD44D800BDCB41 /* ManagedObjectType.swift */; };
		45B928DC1DDD4FA000BDCB41 /* Collection+Rx.swift in Sources */ = {isa = PBXBuildFile; fileRef = 45B928DB1DDD4FA000BDCB41 /* Collection+Rx.swift */; };
		45B928E21DDD4FD000BDCB41 /* UIImagePickerController+Rx.swift in Sources */ = {isa = PBXBuildFile; fileRef = 45B928DF1DDD4FD000BDCB41 /* UIImagePickerController+Rx.swift */; };
		45B928E31DDD4FD000BDCB41 /* RxImagePickerDelegateProxy.swift in Sources */ = {isa = PBXBuildFile; fileRef = 45B928E01DDD4FD000BDCB41 /* RxImagePickerDelegateProxy.swift */; };
		45B928E41DDD4FD000BDCB41 /* UITableView+Rx.swift in Sources */ = {isa = PBXBuildFile; fileRef = 45B928E11DDD4FD000BDCB41 /* UITableView+Rx.swift */; };
		45B928E71DDD4FE500BDCB41 /* UIViewController+Rx.swift in Sources */ = {isa = PBXBuildFile; fileRef = 45B928E51DDD4FE500BDCB41 /* UIViewController+Rx.swift */; };
		45B928E81DDD4FE500BDCB41 /* UIView+Rx.swift in Sources */ = {isa = PBXBuildFile; fileRef = 45B928E61DDD4FE500BDCB41 /* UIView+Rx.swift */; };
		45B928EA1DDD4FFE00BDCB41 /* ObservableType+.swift in Sources */ = {isa = PBXBuildFile; fileRef = 45B928E91DDD4FFE00BDCB41 /* ObservableType+.swift */; };
		45B928EC1DDD500400BDCB41 /* Operators.swift in Sources */ = {isa = PBXBuildFile; fileRef = 45B928EB1DDD500400BDCB41 /* Operators.swift */; };
		45B928EE1DDD500C00BDCB41 /* Optional+Rx.swift in Sources */ = {isa = PBXBuildFile; fileRef = 45B928ED1DDD500C00BDCB41 /* Optional+Rx.swift */; };
		45B928F01DDD501000BDCB41 /* ComputedVariable.swift in Sources */ = {isa = PBXBuildFile; fileRef = 45B928EF1DDD501000BDCB41 /* ComputedVariable.swift */; };
		45B928F21DDD546100BDCB41 /* HasDisposeBag.swift in Sources */ = {isa = PBXBuildFile; fileRef = 45B928F11DDD546100BDCB41 /* HasDisposeBag.swift */; };
		45B928F81DDD55C300BDCB41 /* PlaceholderTextView.swift in Sources */ = {isa = PBXBuildFile; fileRef = 45B928F41DDD55C300BDCB41 /* PlaceholderTextView.swift */; };
		45B928F91DDD55C300BDCB41 /* RegularExpressionTextField.swift in Sources */ = {isa = PBXBuildFile; fileRef = 45B928F51DDD55C300BDCB41 /* RegularExpressionTextField.swift */; };
		45B928FA1DDD55C300BDCB41 /* RegularExpressionTextView.swift in Sources */ = {isa = PBXBuildFile; fileRef = 45B928F61DDD55C300BDCB41 /* RegularExpressionTextView.swift */; };
		45B928FB1DDD55C300BDCB41 /* RegularPattern.swift in Sources */ = {isa = PBXBuildFile; fileRef = 45B928F71DDD55C300BDCB41 /* RegularPattern.swift */; };
		45B928FE1DDD5D7400BDCB41 /* CoreGraphics+.swift in Sources */ = {isa = PBXBuildFile; fileRef = 45B928FD1DDD5D7400BDCB41 /* CoreGraphics+.swift */; };
		45B929001DDD5DC300BDCB41 /* InfoPlist.swift in Sources */ = {isa = PBXBuildFile; fileRef = 45B928FF1DDD5DC300BDCB41 /* InfoPlist.swift */; };
		45B929021DDD5E2F00BDCB41 /* NSJSONSerialization+.swift in Sources */ = {isa = PBXBuildFile; fileRef = 45B929011DDD5E2F00BDCB41 /* NSJSONSerialization+.swift */; };
		45CB64F71DEC6BBA000097C7 /* ComputedVariable+.swift in Sources */ = {isa = PBXBuildFile; fileRef = 45CB64F61DEC6BBA000097C7 /* ComputedVariable+.swift */; };
		45EAAE311DDD7E3000FC7B6F /* UIResponder+Rx.swift in Sources */ = {isa = PBXBuildFile; fileRef = 45EAAE301DDD7E3000FC7B6F /* UIResponder+Rx.swift */; };
		45EAAE341DDD7E8700FC7B6F /* MKMapView+Rx.swift in Sources */ = {isa = PBXBuildFile; fileRef = 45EAAE321DDD7E8700FC7B6F /* MKMapView+Rx.swift */; };
		45EAAE351DDD7E8700FC7B6F /* CLLocationManager+Rx.swift in Sources */ = {isa = PBXBuildFile; fileRef = 45EAAE331DDD7E8700FC7B6F /* CLLocationManager+Rx.swift */; };
		45EAAE381DDD7F3E00FC7B6F /* CLLocationCoordinate2D+.swift in Sources */ = {isa = PBXBuildFile; fileRef = 45EAAE371DDD7F3E00FC7B6F /* CLLocationCoordinate2D+.swift */; };
		45EAAE3A1DDD7FBB00FC7B6F /* UIApplication+.swift in Sources */ = {isa = PBXBuildFile; fileRef = 45EAAE391DDD7FBB00FC7B6F /* UIApplication+.swift */; };
		45EAAE3C1DDD7FDB00FC7B6F /* CLGeocoder+Rx.swift in Sources */ = {isa = PBXBuildFile; fileRef = 45EAAE3B1DDD7FDB00FC7B6F /* CLGeocoder+Rx.swift */; };
		45EAAE3E1DDD806300FC7B6F /* CLLocation+.swift in Sources */ = {isa = PBXBuildFile; fileRef = 45EAAE3D1DDD806300FC7B6F /* CLLocation+.swift */; };
		45EAAE401DDD807A00FC7B6F /* MKPlacemark+.swift in Sources */ = {isa = PBXBuildFile; fileRef = 45EAAE3F1DDD807A00FC7B6F /* MKPlacemark+.swift */; };
		45EAAE421DDD80EF00FC7B6F /* ViewType.swift in Sources */ = {isa = PBXBuildFile; fileRef = 45EAAE411DDD80EF00FC7B6F /* ViewType.swift */; };
		45EAAE441DDD80FA00FC7B6F /* ViewControllerType.swift in Sources */ = {isa = PBXBuildFile; fileRef = 45EAAE431DDD80FA00FC7B6F /* ViewControllerType.swift */; };
		45EAAE491DDD81E000FC7B6F /* Bundle+Name.swift in Sources */ = {isa = PBXBuildFile; fileRef = 45EAAE481DDD81E000FC7B6F /* Bundle+Name.swift */; };
		45EAAE4D1DDD857C00FC7B6F /* DateFormatter+.swift in Sources */ = {isa = PBXBuildFile; fileRef = 45EAAE4C1DDD857C00FC7B6F /* DateFormatter+.swift */; };
		45EAAE4F1DDD863A00FC7B6F /* Operator+.swift in Sources */ = {isa = PBXBuildFile; fileRef = 45EAAE4E1DDD863A00FC7B6F /* Operator+.swift */; };
		45EAAE531DDD881600FC7B6F /* TipView.swift in Sources */ = {isa = PBXBuildFile; fileRef = 45EAAE511DDD881600FC7B6F /* TipView.swift */; };
		45EAAE541DDD881600FC7B6F /* TipView.xib in Resources */ = {isa = PBXBuildFile; fileRef = 45EAAE521DDD881600FC7B6F /* TipView.xib */; };
		45EAAE561DDD893300FC7B6F /* UIView+.swift in Sources */ = {isa = PBXBuildFile; fileRef = 45EAAE551DDD893300FC7B6F /* UIView+.swift */; };
		45EE28691DE29F9C009F866E /* RightArrow+Rx.swift in Sources */ = {isa = PBXBuildFile; fileRef = 45EE28681DE29F9C009F866E /* RightArrow+Rx.swift */; };
		45F3FDD21DE681DD00CE3489 /* HasReuseDisposeBag.swift in Sources */ = {isa = PBXBuildFile; fileRef = 45F3FDD11DE681DD00CE3489 /* HasReuseDisposeBag.swift */; };
		45F3FDD41DE6823900CE3489 /* UIView+HasReuseDisposeBag.swift in Sources */ = {isa = PBXBuildFile; fileRef = 45F3FDD31DE6823900CE3489 /* UIView+HasReuseDisposeBag.swift */; };
		7EBE7D5D4BA6CC61E61B1566 /* Pods_BNKit.framework in Frameworks */ = {isa = PBXBuildFile; fileRef = 5082A996843511F8EB8C289F /* Pods_BNKit.framework */; };
/* End PBXBuildFile section */

/* Begin PBXContainerItemProxy section */
		45A3D6321DE19156005B91A6 /* PBXContainerItemProxy */ = {
			isa = PBXContainerItemProxy;
			containerPortal = 4535D2111DDC547800C9677A /* Project object */;
			proxyType = 1;
			remoteGlobalIDString = 4535D2191DDC547800C9677A;
			remoteInfo = BNKit;
		};
/* End PBXContainerItemProxy section */

/* Begin PBXCopyFilesBuildPhase section */
		45A3D6341DE19156005B91A6 /* Embed Frameworks */ = {
			isa = PBXCopyFilesBuildPhase;
			buildActionMask = 2147483647;
			dstPath = "";
			dstSubfolderSpec = 10;
			files = (
				45A3D6311DE19156005B91A6 /* BNKit.framework in Embed Frameworks */,
			);
			name = "Embed Frameworks";
			runOnlyForDeploymentPostprocessing = 0;
		};
/* End PBXCopyFilesBuildPhase section */

/* Begin PBXFileReference section */
		003D51BF66C4C30A8B1DBB9C /* Pods-BNKit.debug.xcconfig */ = {isa = PBXFileReference; includeInIndex = 1; lastKnownFileType = text.xcconfig; name = "Pods-BNKit.debug.xcconfig"; path = "Pods/Target Support Files/Pods-BNKit/Pods-BNKit.debug.xcconfig"; sourceTree = "<group>"; };
		26C42C3DCA5EC8BA3747E057 /* Pods-Example.release.xcconfig */ = {isa = PBXFileReference; includeInIndex = 1; lastKnownFileType = text.xcconfig; name = "Pods-Example.release.xcconfig"; path = "Pods/Target Support Files/Pods-Example/Pods-Example.release.xcconfig"; sourceTree = "<group>"; };
		3648547F319699904FE3D426 /* Pods-BNKit.release.xcconfig */ = {isa = PBXFileReference; includeInIndex = 1; lastKnownFileType = text.xcconfig; name = "Pods-BNKit.release.xcconfig"; path = "Pods/Target Support Files/Pods-BNKit/Pods-BNKit.release.xcconfig"; sourceTree = "<group>"; };
		4511E4081DE49DFC0026C975 /* Observable+timer.swift */ = {isa = PBXFileReference; fileEncoding = 4; lastKnownFileType = sourcecode.swift; path = "Observable+timer.swift"; sourceTree = "<group>"; };
		45199F0D1DE93AFE00846954 /* Cell+Init.swift */ = {isa = PBXFileReference; fileEncoding = 4; lastKnownFileType = sourcecode.swift; path = "Cell+Init.swift"; sourceTree = "<group>"; };
		4535D21A1DDC547800C9677A /* BNKit.framework */ = {isa = PBXFileReference; explicitFileType = wrapper.framework; includeInIndex = 0; path = BNKit.framework; sourceTree = BUILT_PRODUCTS_DIR; };
		4535D21D1DDC547800C9677A /* BNKit.h */ = {isa = PBXFileReference; lastKnownFileType = sourcecode.c.h; path = BNKit.h; sourceTree = "<group>"; };
		4535D21E1DDC547800C9677A /* Info.plist */ = {isa = PBXFileReference; lastKnownFileType = text.plist.xml; path = Info.plist; sourceTree = "<group>"; };
		4535D22A1DDC55B400C9677A /* Example.app */ = {isa = PBXFileReference; explicitFileType = wrapper.application; includeInIndex = 0; path = Example.app; sourceTree = BUILT_PRODUCTS_DIR; };
		4535D22C1DDC55B500C9677A /* AppDelegate.swift */ = {isa = PBXFileReference; lastKnownFileType = sourcecode.swift; path = AppDelegate.swift; sourceTree = "<group>"; };
		4535D22E1DDC55B500C9677A /* ViewController.swift */ = {isa = PBXFileReference; lastKnownFileType = sourcecode.swift; path = ViewController.swift; sourceTree = "<group>"; };
		4535D2311DDC55B500C9677A /* Base */ = {isa = PBXFileReference; lastKnownFileType = file.storyboard; name = Base; path = Base.lproj/Main.storyboard; sourceTree = "<group>"; };
		4535D2331DDC55B500C9677A /* Assets.xcassets */ = {isa = PBXFileReference; lastKnownFileType = folder.assetcatalog; path = Assets.xcassets; sourceTree = "<group>"; };
		4535D2361DDC55B500C9677A /* Base */ = {isa = PBXFileReference; lastKnownFileType = file.storyboard; name = Base; path = Base.lproj/LaunchScreen.storyboard; sourceTree = "<group>"; };
		4535D2381DDC55B500C9677A /* Info.plist */ = {isa = PBXFileReference; lastKnownFileType = text.plist.xml; path = Info.plist; sourceTree = "<group>"; };
		4535D23C1DDC581F00C9677A /* BNKit.podspec */ = {isa = PBXFileReference; fileEncoding = 4; lastKnownFileType = text; path = BNKit.podspec; sourceTree = "<group>"; };
		4535D2401DDD384200C9677A /* Array+.swift */ = {isa = PBXFileReference; fileEncoding = 4; lastKnownFileType = sourcecode.swift; path = "Array+.swift"; sourceTree = "<group>"; };
		4535D2421DDD387000C9677A /* Dictionary+.swift */ = {isa = PBXFileReference; fileEncoding = 4; lastKnownFileType = sourcecode.swift; path = "Dictionary+.swift"; sourceTree = "<group>"; };
		4535D2441DDD38C100C9677A /* Queue.swift */ = {isa = PBXFileReference; fileEncoding = 4; lastKnownFileType = sourcecode.swift; path = Queue.swift; sourceTree = "<group>"; };
		4581253F1DE2B09C002E3923 /* Operators+.swift */ = {isa = PBXFileReference; fileEncoding = 4; lastKnownFileType = sourcecode.swift; path = "Operators+.swift"; sourceTree = "<group>"; };
		45A3D62D1DE0A749005B91A6 /* Number+random.swift */ = {isa = PBXFileReference; fileEncoding = 4; lastKnownFileType = sourcecode.swift; path = "Number+random.swift"; sourceTree = "<group>"; };
		45A4CC581DE1FCEF008F625B /* CanHandleNotification.swift */ = {isa = PBXFileReference; fileEncoding = 4; lastKnownFileType = sourcecode.swift; path = CanHandleNotification.swift; sourceTree = "<group>"; };
		45A4CC5A1DE3505D008F625B /* UICollectionView+Rx.swift */ = {isa = PBXFileReference; fileEncoding = 4; lastKnownFileType = sourcecode.swift; path = "UICollectionView+Rx.swift"; sourceTree = "<group>"; };
		45B928BE1DDD3E2900BDCB41 /* TimeInterval+.swift */ = {isa = PBXFileReference; fileEncoding = 4; lastKnownFileType = sourcecode.swift; path = "TimeInterval+.swift"; sourceTree = "<group>"; };
		45B928C01DDD3E7100BDCB41 /* NSObject+objc_Value.swift */ = {isa = PBXFileReference; fileEncoding = 4; lastKnownFileType = sourcecode.swift; path = "NSObject+objc_Value.swift"; sourceTree = "<group>"; };
		45B928C51DDD415800BDCB41 /* UIStoryboard+Name.swift */ = {isa = PBXFileReference; fileEncoding = 4; lastKnownFileType = sourcecode.swift; path = "UIStoryboard+Name.swift"; sourceTree = "<group>"; };
		45B928C71DDD428F00BDCB41 /* CellSelfSized.swift */ = {isa = PBXFileReference; fileEncoding = 4; lastKnownFileType = sourcecode.swift; path = CellSelfSized.swift; sourceTree = "<group>"; };
		45B928C91DDD42E300BDCB41 /* UIViewController+Alert.swift */ = {isa = PBXFileReference; fileEncoding = 4; lastKnownFileType = sourcecode.swift; path = "UIViewController+Alert.swift"; sourceTree = "<group>"; };
		45B928CB1DDD42F100BDCB41 /* UIView+IBInspectable.swift */ = {isa = PBXFileReference; fileEncoding = 4; lastKnownFileType = sourcecode.swift; path = "UIView+IBInspectable.swift"; sourceTree = "<group>"; };
		45B928CD1DDD435E00BDCB41 /* UIView+Animation.swift */ = {isa = PBXFileReference; fileEncoding = 4; lastKnownFileType = sourcecode.swift; path = "UIView+Animation.swift"; sourceTree = "<group>"; };
		45B928CF1DDD437900BDCB41 /* UIColor+Hex.swift */ = {isa = PBXFileReference; fileEncoding = 4; lastKnownFileType = sourcecode.swift; path = "UIColor+Hex.swift"; sourceTree = "<group>"; };
		45B928D11DDD43D200BDCB41 /* UIColor+Flat.swift */ = {isa = PBXFileReference; fileEncoding = 4; lastKnownFileType = sourcecode.swift; path = "UIColor+Flat.swift"; sourceTree = "<group>"; };
		45B928D41DDD44D800BDCB41 /* CoreDataStack.swift */ = {isa = PBXFileReference; fileEncoding = 4; lastKnownFileType = sourcecode.swift; path = CoreDataStack.swift; sourceTree = "<group>"; };
		45B928D51DDD44D800BDCB41 /* ManagedObjectType.swift */ = {isa = PBXFileReference; fileEncoding = 4; lastKnownFileType = sourcecode.swift; path = ManagedObjectType.swift; sourceTree = "<group>"; };
		45B928DB1DDD4FA000BDCB41 /* Collection+Rx.swift */ = {isa = PBXFileReference; fileEncoding = 4; lastKnownFileType = sourcecode.swift; path = "Collection+Rx.swift"; sourceTree = "<group>"; };
		45B928DF1DDD4FD000BDCB41 /* UIImagePickerController+Rx.swift */ = {isa = PBXFileReference; fileEncoding = 4; lastKnownFileType = sourcecode.swift; path = "UIImagePickerController+Rx.swift"; sourceTree = "<group>"; };
		45B928E01DDD4FD000BDCB41 /* RxImagePickerDelegateProxy.swift */ = {isa = PBXFileReference; fileEncoding = 4; lastKnownFileType = sourcecode.swift; path = RxImagePickerDelegateProxy.swift; sourceTree = "<group>"; };
		45B928E11DDD4FD000BDCB41 /* UITableView+Rx.swift */ = {isa = PBXFileReference; fileEncoding = 4; lastKnownFileType = sourcecode.swift; path = "UITableView+Rx.swift"; sourceTree = "<group>"; };
		45B928E51DDD4FE500BDCB41 /* UIViewController+Rx.swift */ = {isa = PBXFileReference; fileEncoding = 4; lastKnownFileType = sourcecode.swift; path = "UIViewController+Rx.swift"; sourceTree = "<group>"; };
		45B928E61DDD4FE500BDCB41 /* UIView+Rx.swift */ = {isa = PBXFileReference; fileEncoding = 4; lastKnownFileType = sourcecode.swift; path = "UIView+Rx.swift"; sourceTree = "<group>"; };
		45B928E91DDD4FFE00BDCB41 /* ObservableType+.swift */ = {isa = PBXFileReference; fileEncoding = 4; lastKnownFileType = sourcecode.swift; path = "ObservableType+.swift"; sourceTree = "<group>"; };
		45B928EB1DDD500400BDCB41 /* Operators.swift */ = {isa = PBXFileReference; fileEncoding = 4; lastKnownFileType = sourcecode.swift; path = Operators.swift; sourceTree = "<group>"; };
		45B928ED1DDD500C00BDCB41 /* Optional+Rx.swift */ = {isa = PBXFileReference; fileEncoding = 4; lastKnownFileType = sourcecode.swift; path = "Optional+Rx.swift"; sourceTree = "<group>"; };
		45B928EF1DDD501000BDCB41 /* ComputedVariable.swift */ = {isa = PBXFileReference; fileEncoding = 4; lastKnownFileType = sourcecode.swift; path = ComputedVariable.swift; sourceTree = "<group>"; };
		45B928F11DDD546100BDCB41 /* HasDisposeBag.swift */ = {isa = PBXFileReference; fileEncoding = 4; lastKnownFileType = sourcecode.swift; path = HasDisposeBag.swift; sourceTree = "<group>"; };
		45B928F41DDD55C300BDCB41 /* PlaceholderTextView.swift */ = {isa = PBXFileReference; fileEncoding = 4; lastKnownFileType = sourcecode.swift; path = PlaceholderTextView.swift; sourceTree = "<group>"; };
		45B928F51DDD55C300BDCB41 /* RegularExpressionTextField.swift */ = {isa = PBXFileReference; fileEncoding = 4; lastKnownFileType = sourcecode.swift; path = RegularExpressionTextField.swift; sourceTree = "<group>"; };
		45B928F61DDD55C300BDCB41 /* RegularExpressionTextView.swift */ = {isa = PBXFileReference; fileEncoding = 4; lastKnownFileType = sourcecode.swift; path = RegularExpressionTextView.swift; sourceTree = "<group>"; };
		45B928F71DDD55C300BDCB41 /* RegularPattern.swift */ = {isa = PBXFileReference; fileEncoding = 4; lastKnownFileType = sourcecode.swift; path = RegularPattern.swift; sourceTree = "<group>"; };
		45B928FD1DDD5D7400BDCB41 /* CoreGraphics+.swift */ = {isa = PBXFileReference; fileEncoding = 4; lastKnownFileType = sourcecode.swift; path = "CoreGraphics+.swift"; sourceTree = "<group>"; };
		45B928FF1DDD5DC300BDCB41 /* InfoPlist.swift */ = {isa = PBXFileReference; fileEncoding = 4; lastKnownFileType = sourcecode.swift; path = InfoPlist.swift; sourceTree = "<group>"; };
		45B929011DDD5E2F00BDCB41 /* NSJSONSerialization+.swift */ = {isa = PBXFileReference; fileEncoding = 4; lastKnownFileType = sourcecode.swift; path = "NSJSONSerialization+.swift"; sourceTree = "<group>"; };
		45CB64F61DEC6BBA000097C7 /* ComputedVariable+.swift */ = {isa = PBXFileReference; fileEncoding = 4; lastKnownFileType = sourcecode.swift; path = "ComputedVariable+.swift"; sourceTree = "<group>"; };
		45EAAE301DDD7E3000FC7B6F /* UIResponder+Rx.swift */ = {isa = PBXFileReference; fileEncoding = 4; lastKnownFileType = sourcecode.swift; path = "UIResponder+Rx.swift"; sourceTree = "<group>"; };
		45EAAE321DDD7E8700FC7B6F /* MKMapView+Rx.swift */ = {isa = PBXFileReference; fileEncoding = 4; lastKnownFileType = sourcecode.swift; path = "MKMapView+Rx.swift"; sourceTree = "<group>"; };
		45EAAE331DDD7E8700FC7B6F /* CLLocationManager+Rx.swift */ = {isa = PBXFileReference; fileEncoding = 4; lastKnownFileType = sourcecode.swift; path = "CLLocationManager+Rx.swift"; sourceTree = "<group>"; };
		45EAAE371DDD7F3E00FC7B6F /* CLLocationCoordinate2D+.swift */ = {isa = PBXFileReference; fileEncoding = 4; lastKnownFileType = sourcecode.swift; path = "CLLocationCoordinate2D+.swift"; sourceTree = "<group>"; };
		45EAAE391DDD7FBB00FC7B6F /* UIApplication+.swift */ = {isa = PBXFileReference; fileEncoding = 4; lastKnownFileType = sourcecode.swift; path = "UIApplication+.swift"; sourceTree = "<group>"; };
		45EAAE3B1DDD7FDB00FC7B6F /* CLGeocoder+Rx.swift */ = {isa = PBXFileReference; fileEncoding = 4; lastKnownFileType = sourcecode.swift; path = "CLGeocoder+Rx.swift"; sourceTree = "<group>"; };
		45EAAE3D1DDD806300FC7B6F /* CLLocation+.swift */ = {isa = PBXFileReference; fileEncoding = 4; lastKnownFileType = sourcecode.swift; path = "CLLocation+.swift"; sourceTree = "<group>"; };
		45EAAE3F1DDD807A00FC7B6F /* MKPlacemark+.swift */ = {isa = PBXFileReference; fileEncoding = 4; lastKnownFileType = sourcecode.swift; path = "MKPlacemark+.swift"; sourceTree = "<group>"; };
		45EAAE411DDD80EF00FC7B6F /* ViewType.swift */ = {isa = PBXFileReference; fileEncoding = 4; lastKnownFileType = sourcecode.swift; path = ViewType.swift; sourceTree = "<group>"; };
		45EAAE431DDD80FA00FC7B6F /* ViewControllerType.swift */ = {isa = PBXFileReference; fileEncoding = 4; lastKnownFileType = sourcecode.swift; path = ViewControllerType.swift; sourceTree = "<group>"; };
		45EAAE481DDD81E000FC7B6F /* Bundle+Name.swift */ = {isa = PBXFileReference; fileEncoding = 4; lastKnownFileType = sourcecode.swift; path = "Bundle+Name.swift"; sourceTree = "<group>"; };
		45EAAE4C1DDD857C00FC7B6F /* DateFormatter+.swift */ = {isa = PBXFileReference; fileEncoding = 4; lastKnownFileType = sourcecode.swift; path = "DateFormatter+.swift"; sourceTree = "<group>"; };
		45EAAE4E1DDD863A00FC7B6F /* Operator+.swift */ = {isa = PBXFileReference; fileEncoding = 4; lastKnownFileType = sourcecode.swift; path = "Operator+.swift"; sourceTree = "<group>"; };
		45EAAE511DDD881600FC7B6F /* TipView.swift */ = {isa = PBXFileReference; fileEncoding = 4; lastKnownFileType = sourcecode.swift; path = TipView.swift; sourceTree = "<group>"; };
		45EAAE521DDD881600FC7B6F /* TipView.xib */ = {isa = PBXFileReference; fileEncoding = 4; lastKnownFileType = file.xib; path = TipView.xib; sourceTree = "<group>"; };
		45EAAE551DDD893300FC7B6F /* UIView+.swift */ = {isa = PBXFileReference; fileEncoding = 4; lastKnownFileType = sourcecode.swift; path = "UIView+.swift"; sourceTree = "<group>"; };
		45EE28681DE29F9C009F866E /* RightArrow+Rx.swift */ = {isa = PBXFileReference; fileEncoding = 4; lastKnownFileType = sourcecode.swift; path = "RightArrow+Rx.swift"; sourceTree = "<group>"; };
		45F3FDD11DE681DD00CE3489 /* HasReuseDisposeBag.swift */ = {isa = PBXFileReference; fileEncoding = 4; lastKnownFileType = sourcecode.swift; path = HasReuseDisposeBag.swift; sourceTree = "<group>"; };
		45F3FDD31DE6823900CE3489 /* UIView+HasReuseDisposeBag.swift */ = {isa = PBXFileReference; fileEncoding = 4; lastKnownFileType = sourcecode.swift; path = "UIView+HasReuseDisposeBag.swift"; sourceTree = "<group>"; };
		45F3FDD61DE6E95900CE3489 /* README.md */ = {isa = PBXFileReference; fileEncoding = 4; lastKnownFileType = net.daringfireball.markdown; path = README.md; sourceTree = "<group>"; };
		5082A996843511F8EB8C289F /* Pods_BNKit.framework */ = {isa = PBXFileReference; explicitFileType = wrapper.framework; includeInIndex = 0; path = Pods_BNKit.framework; sourceTree = BUILT_PRODUCTS_DIR; };
		69079252FB95C8FEE9CB05C8 /* Pods_Example.framework */ = {isa = PBXFileReference; explicitFileType = wrapper.framework; includeInIndex = 0; path = Pods_Example.framework; sourceTree = BUILT_PRODUCTS_DIR; };
		FAC356473473655EEC57120C /* Pods-Example.debug.xcconfig */ = {isa = PBXFileReference; includeInIndex = 1; lastKnownFileType = text.xcconfig; name = "Pods-Example.debug.xcconfig"; path = "Pods/Target Support Files/Pods-Example/Pods-Example.debug.xcconfig"; sourceTree = "<group>"; };
/* End PBXFileReference section */

/* Begin PBXFrameworksBuildPhase section */
		4535D2161DDC547800C9677A /* Frameworks */ = {
			isa = PBXFrameworksBuildPhase;
			buildActionMask = 2147483647;
			files = (
				7EBE7D5D4BA6CC61E61B1566 /* Pods_BNKit.framework in Frameworks */,
			);
			runOnlyForDeploymentPostprocessing = 0;
		};
		4535D2271DDC55B400C9677A /* Frameworks */ = {
			isa = PBXFrameworksBuildPhase;
			buildActionMask = 2147483647;
			files = (
				0FD6B06AE5B4E2B0CC792F8D /* Pods_Example.framework in Frameworks */,
				45A3D6301DE19156005B91A6 /* BNKit.framework in Frameworks */,
			);
			runOnlyForDeploymentPostprocessing = 0;
		};
/* End PBXFrameworksBuildPhase section */

/* Begin PBXGroup section */
		4535D2101DDC547800C9677A = {
			isa = PBXGroup;
			children = (
				4535D21C1DDC547800C9677A /* BNKit */,
				4535D22B1DDC55B500C9677A /* Example */,
				4535D23E1DDC582100C9677A /* SupportingFiles */,
				4535D21B1DDC547800C9677A /* Products */,
				D19E8AF468AA28A8A4D9C1EF /* Pods */,
				4C41169094423872C4686491 /* Frameworks */,
			);
			sourceTree = "<group>";
		};
		4535D21B1DDC547800C9677A /* Products */ = {
			isa = PBXGroup;
			children = (
				4535D21A1DDC547800C9677A /* BNKit.framework */,
				4535D22A1DDC55B400C9677A /* Example.app */,
			);
			name = Products;
			sourceTree = "<group>";
		};
		4535D21C1DDC547800C9677A /* BNKit */ = {
			isa = PBXGroup;
			children = (
				4535D2251DDC54FF00C9677A /* Source */,
				4535D21D1DDC547800C9677A /* BNKit.h */,
				4535D21E1DDC547800C9677A /* Info.plist */,
			);
			path = BNKit;
			sourceTree = "<group>";
		};
		4535D2251DDC54FF00C9677A /* Source */ = {
			isa = PBXGroup;
			children = (
				45EAAE471DDD818900FC7B6F /* BNKit */,
				45B928C41DDD415000BDCB41 /* UIKit+ */,
				4535D23F1DDD382B00C9677A /* Fundation+ */,
				45B928DA1DDD4F8F00BDCB41 /* Rx+ */,
				45B928FC1DDD5D7400BDCB41 /* CoreGraphics+ */,
				45EAAE361DDD7F0700FC7B6F /* MapKit+ */,
				45B928D31DDD44D200BDCB41 /* CoreData+ */,
			);
			path = Source;
			sourceTree = "<group>";
		};
		4535D22B1DDC55B500C9677A /* Example */ = {
			isa = PBXGroup;
			children = (
				4535D22C1DDC55B500C9677A /* AppDelegate.swift */,
				4535D22E1DDC55B500C9677A /* ViewController.swift */,
				4535D2301DDC55B500C9677A /* Main.storyboard */,
				4535D2331DDC55B500C9677A /* Assets.xcassets */,
				4535D2351DDC55B500C9677A /* LaunchScreen.storyboard */,
				4535D2381DDC55B500C9677A /* Info.plist */,
			);
			path = Example;
			sourceTree = "<group>";
		};
		4535D23E1DDC582100C9677A /* SupportingFiles */ = {
			isa = PBXGroup;
			children = (
				4535D23C1DDC581F00C9677A /* BNKit.podspec */,
				45F3FDD61DE6E95900CE3489 /* README.md */,
			);
			name = SupportingFiles;
			sourceTree = "<group>";
		};
		4535D23F1DDD382B00C9677A /* Fundation+ */ = {
			isa = PBXGroup;
			children = (
				4535D2401DDD384200C9677A /* Array+.swift */,
				45EAAE481DDD81E000FC7B6F /* Bundle+Name.swift */,
				45B928FF1DDD5DC300BDCB41 /* InfoPlist.swift */,
				45B929011DDD5E2F00BDCB41 /* NSJSONSerialization+.swift */,
				4535D2421DDD387000C9677A /* Dictionary+.swift */,
				4535D2441DDD38C100C9677A /* Queue.swift */,
				45B928BE1DDD3E2900BDCB41 /* TimeInterval+.swift */,
				45B928C01DDD3E7100BDCB41 /* NSObject+objc_Value.swift */,
				45EAAE4C1DDD857C00FC7B6F /* DateFormatter+.swift */,
				45EAAE4E1DDD863A00FC7B6F /* Operator+.swift */,
				45A3D62D1DE0A749005B91A6 /* Number+random.swift */,
			);
			path = "Fundation+";
			sourceTree = "<group>";
		};
		45B928C41DDD415000BDCB41 /* UIKit+ */ = {
			isa = PBXGroup;
			children = (
				45EAAE501DDD881600FC7B6F /* TipView */,
				45B928F31DDD55C300BDCB41 /* RegularExpression */,
				45B928C71DDD428F00BDCB41 /* CellSelfSized.swift */,
				45199F0D1DE93AFE00846954 /* Cell+Init.swift */,
				45B928C51DDD415800BDCB41 /* UIStoryboard+Name.swift */,
				45EAAE431DDD80FA00FC7B6F /* ViewControllerType.swift */,
				45EAAE411DDD80EF00FC7B6F /* ViewType.swift */,
				45B928C91DDD42E300BDCB41 /* UIViewController+Alert.swift */,
				45B928CB1DDD42F100BDCB41 /* UIView+IBInspectable.swift */,
				45B928CD1DDD435E00BDCB41 /* UIView+Animation.swift */,
				45EAAE551DDD893300FC7B6F /* UIView+.swift */,
				45B928CF1DDD437900BDCB41 /* UIColor+Hex.swift */,
				45B928D11DDD43D200BDCB41 /* UIColor+Flat.swift */,
				45EAAE391DDD7FBB00FC7B6F /* UIApplication+.swift */,
			);
			path = "UIKit+";
			sourceTree = "<group>";
		};
		45B928D31DDD44D200BDCB41 /* CoreData+ */ = {
			isa = PBXGroup;
			children = (
				45B928D41DDD44D800BDCB41 /* CoreDataStack.swift */,
				45B928D51DDD44D800BDCB41 /* ManagedObjectType.swift */,
			);
			path = "CoreData+";
			sourceTree = "<group>";
		};
		45B928DA1DDD4F8F00BDCB41 /* Rx+ */ = {
			isa = PBXGroup;
			children = (
				45B928DB1DDD4FA000BDCB41 /* Collection+Rx.swift */,
				45A4CC581DE1FCEF008F625B /* CanHandleNotification.swift */,
				45B928EF1DDD501000BDCB41 /* ComputedVariable.swift */,
				45CB64F61DEC6BBA000097C7 /* ComputedVariable+.swift */,
				45EAAE331DDD7E8700FC7B6F /* CLLocationManager+Rx.swift */,
				45EAAE3B1DDD7FDB00FC7B6F /* CLGeocoder+Rx.swift */,
				45B928F11DDD546100BDCB41 /* HasDisposeBag.swift */,
				45F3FDD11DE681DD00CE3489 /* HasReuseDisposeBag.swift */,
				45EAAE321DDD7E8700FC7B6F /* MKMapView+Rx.swift */,
				45B928E91DDD4FFE00BDCB41 /* ObservableType+.swift */,
				4511E4081DE49DFC0026C975 /* Observable+timer.swift */,
				45B928EB1DDD500400BDCB41 /* Operators.swift */,
				4581253F1DE2B09C002E3923 /* Operators+.swift */,
				45B928ED1DDD500C00BDCB41 /* Optional+Rx.swift */,
				45B928E01DDD4FD000BDCB41 /* RxImagePickerDelegateProxy.swift */,
				45EE28681DE29F9C009F866E /* RightArrow+Rx.swift */,
				45B928E11DDD4FD000BDCB41 /* UITableView+Rx.swift */,
				45A4CC5A1DE3505D008F625B /* UICollectionView+Rx.swift */,
				45B928E51DDD4FE500BDCB41 /* UIViewController+Rx.swift */,
				45EAAE301DDD7E3000FC7B6F /* UIResponder+Rx.swift */,
				45B928E61DDD4FE500BDCB41 /* UIView+Rx.swift */,
				45F3FDD31DE6823900CE3489 /* UIView+HasReuseDisposeBag.swift */,
				45B928DF1DDD4FD000BDCB41 /* UIImagePickerController+Rx.swift */,
			);
			path = "Rx+";
			sourceTree = "<group>";
		};
		45B928F31DDD55C300BDCB41 /* RegularExpression */ = {
			isa = PBXGroup;
			children = (
				45B928F51DDD55C300BDCB41 /* RegularExpressionTextField.swift */,
				45B928F61DDD55C300BDCB41 /* RegularExpressionTextView.swift */,
				45B928F41DDD55C300BDCB41 /* PlaceholderTextView.swift */,
				45B928F71DDD55C300BDCB41 /* RegularPattern.swift */,
			);
			path = RegularExpression;
			sourceTree = "<group>";
		};
		45B928FC1DDD5D7400BDCB41 /* CoreGraphics+ */ = {
			isa = PBXGroup;
			children = (
				45B928FD1DDD5D7400BDCB41 /* CoreGraphics+.swift */,
			);
			path = "CoreGraphics+";
			sourceTree = "<group>";
		};
		45EAAE361DDD7F0700FC7B6F /* MapKit+ */ = {
			isa = PBXGroup;
			children = (
				45EAAE371DDD7F3E00FC7B6F /* CLLocationCoordinate2D+.swift */,
				45EAAE3D1DDD806300FC7B6F /* CLLocation+.swift */,
				45EAAE3F1DDD807A00FC7B6F /* MKPlacemark+.swift */,
			);
			path = "MapKit+";
			sourceTree = "<group>";
		};
		45EAAE471DDD818900FC7B6F /* BNKit */ = {
			isa = PBXGroup;
			children = (
			);
			path = BNKit;
			sourceTree = "<group>";
		};
		45EAAE501DDD881600FC7B6F /* TipView */ = {
			isa = PBXGroup;
			children = (
				45EAAE511DDD881600FC7B6F /* TipView.swift */,
				45EAAE521DDD881600FC7B6F /* TipView.xib */,
			);
			path = TipView;
			sourceTree = "<group>";
		};
		4C41169094423872C4686491 /* Frameworks */ = {
			isa = PBXGroup;
			children = (
				5082A996843511F8EB8C289F /* Pods_BNKit.framework */,
				69079252FB95C8FEE9CB05C8 /* Pods_Example.framework */,
			);
			name = Frameworks;
			sourceTree = "<group>";
		};
		D19E8AF468AA28A8A4D9C1EF /* Pods */ = {
			isa = PBXGroup;
			children = (
				003D51BF66C4C30A8B1DBB9C /* Pods-BNKit.debug.xcconfig */,
				3648547F319699904FE3D426 /* Pods-BNKit.release.xcconfig */,
				FAC356473473655EEC57120C /* Pods-Example.debug.xcconfig */,
				26C42C3DCA5EC8BA3747E057 /* Pods-Example.release.xcconfig */,
			);
			name = Pods;
			sourceTree = "<group>";
		};
/* End PBXGroup section */

/* Begin PBXHeadersBuildPhase section */
		4535D2171DDC547800C9677A /* Headers */ = {
			isa = PBXHeadersBuildPhase;
			buildActionMask = 2147483647;
			files = (
				4535D21F1DDC547800C9677A /* BNKit.h in Headers */,
			);
			runOnlyForDeploymentPostprocessing = 0;
		};
/* End PBXHeadersBuildPhase section */

/* Begin PBXNativeTarget section */
		4535D2191DDC547800C9677A /* BNKit */ = {
			isa = PBXNativeTarget;
			buildConfigurationList = 4535D2221DDC547800C9677A /* Build configuration list for PBXNativeTarget "BNKit" */;
			buildPhases = (
				9233ACAA34A2291C2F6A53B2 /* [CP] Check Pods Manifest.lock */,
				4535D2151DDC547800C9677A /* Sources */,
				4535D2161DDC547800C9677A /* Frameworks */,
				4535D2171DDC547800C9677A /* Headers */,
				4535D2181DDC547800C9677A /* Resources */,
				494E1576F2853F42C4B07299 /* [CP] Copy Pods Resources */,
			);
			buildRules = (
			);
			dependencies = (
			);
			name = BNKit;
			productName = BNKit;
			productReference = 4535D21A1DDC547800C9677A /* BNKit.framework */;
			productType = "com.apple.product-type.framework";
		};
		4535D2291DDC55B400C9677A /* Example */ = {
			isa = PBXNativeTarget;
			buildConfigurationList = 4535D2391DDC55B500C9677A /* Build configuration list for PBXNativeTarget "Example" */;
			buildPhases = (
				D4ABFD03755865D7A06A22E2 /* [CP] Check Pods Manifest.lock */,
				4535D2261DDC55B400C9677A /* Sources */,
				4535D2271DDC55B400C9677A /* Frameworks */,
				4535D2281DDC55B400C9677A /* Resources */,
				CB8E5185BFFFA376FD3833C6 /* [CP] Embed Pods Frameworks */,
				D8E7D6B8DD3CDBD417E7BE6F /* [CP] Copy Pods Resources */,
				45A3D6341DE19156005B91A6 /* Embed Frameworks */,
			);
			buildRules = (
			);
			dependencies = (
				45A3D6331DE19156005B91A6 /* PBXTargetDependency */,
			);
			name = Example;
			productName = Example;
			productReference = 4535D22A1DDC55B400C9677A /* Example.app */;
			productType = "com.apple.product-type.application";
		};
/* End PBXNativeTarget section */

/* Begin PBXProject section */
		4535D2111DDC547800C9677A /* Project object */ = {
			isa = PBXProject;
			attributes = {
				LastSwiftUpdateCheck = 0810;
				LastUpgradeCheck = 0810;
				ORGANIZATIONNAME = LuoJie;
				TargetAttributes = {
					4535D2191DDC547800C9677A = {
						CreatedOnToolsVersion = 8.1;
						DevelopmentTeam = 6BDKUNMM63;
						LastSwiftMigration = 0810;
						ProvisioningStyle = Automatic;
					};
					4535D2291DDC55B400C9677A = {
						CreatedOnToolsVersion = 8.1;
						DevelopmentTeam = 6BDKUNMM63;
						ProvisioningStyle = Automatic;
					};
				};
			};
			buildConfigurationList = 4535D2141DDC547800C9677A /* Build configuration list for PBXProject "BNKit" */;
			compatibilityVersion = "Xcode 3.2";
			developmentRegion = English;
			hasScannedForEncodings = 0;
			knownRegions = (
				en,
				Base,
			);
			mainGroup = 4535D2101DDC547800C9677A;
			productRefGroup = 4535D21B1DDC547800C9677A /* Products */;
			projectDirPath = "";
			projectRoot = "";
			targets = (
				4535D2191DDC547800C9677A /* BNKit */,
				4535D2291DDC55B400C9677A /* Example */,
			);
		};
/* End PBXProject section */

/* Begin PBXResourcesBuildPhase section */
		4535D2181DDC547800C9677A /* Resources */ = {
			isa = PBXResourcesBuildPhase;
			buildActionMask = 2147483647;
			files = (
				45EAAE541DDD881600FC7B6F /* TipView.xib in Resources */,
			);
			runOnlyForDeploymentPostprocessing = 0;
		};
		4535D2281DDC55B400C9677A /* Resources */ = {
			isa = PBXResourcesBuildPhase;
			buildActionMask = 2147483647;
			files = (
				4535D2371DDC55B500C9677A /* LaunchScreen.storyboard in Resources */,
				4535D2341DDC55B500C9677A /* Assets.xcassets in Resources */,
				4535D2321DDC55B500C9677A /* Main.storyboard in Resources */,
			);
			runOnlyForDeploymentPostprocessing = 0;
		};
/* End PBXResourcesBuildPhase section */

/* Begin PBXShellScriptBuildPhase section */
		494E1576F2853F42C4B07299 /* [CP] Copy Pods Resources */ = {
			isa = PBXShellScriptBuildPhase;
			buildActionMask = 2147483647;
			files = (
			);
			inputPaths = (
			);
			name = "[CP] Copy Pods Resources";
			outputPaths = (
			);
			runOnlyForDeploymentPostprocessing = 0;
			shellPath = /bin/sh;
			shellScript = "\"${SRCROOT}/Pods/Target Support Files/Pods-BNKit/Pods-BNKit-resources.sh\"\n";
			showEnvVarsInLog = 0;
		};
		9233ACAA34A2291C2F6A53B2 /* [CP] Check Pods Manifest.lock */ = {
			isa = PBXShellScriptBuildPhase;
			buildActionMask = 2147483647;
			files = (
			);
			inputPaths = (
			);
			name = "[CP] Check Pods Manifest.lock";
			outputPaths = (
			);
			runOnlyForDeploymentPostprocessing = 0;
			shellPath = /bin/sh;
			shellScript = "diff \"${PODS_ROOT}/../Podfile.lock\" \"${PODS_ROOT}/Manifest.lock\" > /dev/null\nif [ $? != 0 ] ; then\n    # print error to STDERR\n    echo \"error: The sandbox is not in sync with the Podfile.lock. Run 'pod install' or update your CocoaPods installation.\" >&2\n    exit 1\nfi\n";
			showEnvVarsInLog = 0;
		};
		CB8E5185BFFFA376FD3833C6 /* [CP] Embed Pods Frameworks */ = {
			isa = PBXShellScriptBuildPhase;
			buildActionMask = 2147483647;
			files = (
			);
			inputPaths = (
			);
			name = "[CP] Embed Pods Frameworks";
			outputPaths = (
			);
			runOnlyForDeploymentPostprocessing = 0;
			shellPath = /bin/sh;
			shellScript = "\"${SRCROOT}/Pods/Target Support Files/Pods-Example/Pods-Example-frameworks.sh\"\n";
			showEnvVarsInLog = 0;
		};
		D4ABFD03755865D7A06A22E2 /* [CP] Check Pods Manifest.lock */ = {
			isa = PBXShellScriptBuildPhase;
			buildActionMask = 2147483647;
			files = (
			);
			inputPaths = (
			);
			name = "[CP] Check Pods Manifest.lock";
			outputPaths = (
			);
			runOnlyForDeploymentPostprocessing = 0;
			shellPath = /bin/sh;
			shellScript = "diff \"${PODS_ROOT}/../Podfile.lock\" \"${PODS_ROOT}/Manifest.lock\" > /dev/null\nif [ $? != 0 ] ; then\n    # print error to STDERR\n    echo \"error: The sandbox is not in sync with the Podfile.lock. Run 'pod install' or update your CocoaPods installation.\" >&2\n    exit 1\nfi\n";
			showEnvVarsInLog = 0;
		};
		D8E7D6B8DD3CDBD417E7BE6F /* [CP] Copy Pods Resources */ = {
			isa = PBXShellScriptBuildPhase;
			buildActionMask = 2147483647;
			files = (
			);
			inputPaths = (
			);
			name = "[CP] Copy Pods Resources";
			outputPaths = (
			);
			runOnlyForDeploymentPostprocessing = 0;
			shellPath = /bin/sh;
			shellScript = "\"${SRCROOT}/Pods/Target Support Files/Pods-Example/Pods-Example-resources.sh\"\n";
			showEnvVarsInLog = 0;
		};
/* End PBXShellScriptBuildPhase section */

/* Begin PBXSourcesBuildPhase section */
		4535D2151DDC547800C9677A /* Sources */ = {
			isa = PBXSourcesBuildPhase;
			buildActionMask = 2147483647;
			files = (
				45EAAE421DDD80EF00FC7B6F /* ViewType.swift in Sources */,
				45B928E31DDD4FD000BDCB41 /* RxImagePickerDelegateProxy.swift in Sources */,
				4535D2411DDD384200C9677A /* Array+.swift in Sources */,
				45EAAE3A1DDD7FBB00FC7B6F /* UIApplication+.swift in Sources */,
				45CB64F71DEC6BBA000097C7 /* ComputedVariable+.swift in Sources */,
				45B929001DDD5DC300BDCB41 /* InfoPlist.swift in Sources */,
				45B928C81DDD428F00BDCB41 /* CellSelfSized.swift in Sources */,
				45B928FA1DDD55C300BDCB41 /* RegularExpressionTextView.swift in Sources */,
				45B928F81DDD55C300BDCB41 /* PlaceholderTextView.swift in Sources */,
				45EAAE3E1DDD806300FC7B6F /* CLLocation+.swift in Sources */,
				45A3D62E1DE0A749005B91A6 /* Number+random.swift in Sources */,
				45B928EA1DDD4FFE00BDCB41 /* ObservableType+.swift in Sources */,
				45EAAE441DDD80FA00FC7B6F /* ViewControllerType.swift in Sources */,
				45B928E21DDD4FD000BDCB41 /* UIImagePickerController+Rx.swift in Sources */,
				45B928BF1DDD3E2900BDCB41 /* TimeInterval+.swift in Sources */,
				4535D2451DDD38C100C9677A /* Queue.swift in Sources */,
				45B928F01DDD501000BDCB41 /* ComputedVariable.swift in Sources */,
				45B928D21DDD43D200BDCB41 /* UIColor+Flat.swift in Sources */,
				45199F0E1DE93AFE00846954 /* Cell+Init.swift in Sources */,
				45A4CC5B1DE3505D008F625B /* UICollectionView+Rx.swift in Sources */,
				45B928C61DDD415800BDCB41 /* UIStoryboard+Name.swift in Sources */,
				45B928D71DDD44D800BDCB41 /* ManagedObjectType.swift in Sources */,
				45EAAE401DDD807A00FC7B6F /* MKPlacemark+.swift in Sources */,
				45B928FB1DDD55C300BDCB41 /* RegularPattern.swift in Sources */,
				45B928E71DDD4FE500BDCB41 /* UIViewController+Rx.swift in Sources */,
				45B928F21DDD546100BDCB41 /* HasDisposeBag.swift in Sources */,
				45EAAE381DDD7F3E00FC7B6F /* CLLocationCoordinate2D+.swift in Sources */,
				45F3FDD21DE681DD00CE3489 /* HasReuseDisposeBag.swift in Sources */,
				45EAAE4F1DDD863A00FC7B6F /* Operator+.swift in Sources */,
				45EAAE341DDD7E8700FC7B6F /* MKMapView+Rx.swift in Sources */,
				45B928E81DDD4FE500BDCB41 /* UIView+Rx.swift in Sources */,
				45B928D61DDD44D800BDCB41 /* CoreDataStack.swift in Sources */,
				458125401DE2B09C002E3923 /* Operators+.swift in Sources */,
				45B928D01DDD437900BDCB41 /* UIColor+Hex.swift in Sources */,
				4535D2431DDD387000C9677A /* Dictionary+.swift in Sources */,
				45B928CC1DDD42F100BDCB41 /* UIView+IBInspectable.swift in Sources */,
				45EAAE531DDD881600FC7B6F /* TipView.swift in Sources */,
				45A4CC591DE1FCEF008F625B /* CanHandleNotification.swift in Sources */,
				45B928FE1DDD5D7400BDCB41 /* CoreGraphics+.swift in Sources */,
				45B928CE1DDD435E00BDCB41 /* UIView+Animation.swift in Sources */,
				45F3FDD41DE6823900CE3489 /* UIView+HasReuseDisposeBag.swift in Sources */,
				45B928C11DDD3E7100BDCB41 /* NSObject+objc_Value.swift in Sources */,
				45EAAE4D1DDD857C00FC7B6F /* DateFormatter+.swift in Sources */,
				45EAAE561DDD893300FC7B6F /* UIView+.swift in Sources */,
				45B928EC1DDD500400BDCB41 /* Operators.swift in Sources */,
				45EAAE311DDD7E3000FC7B6F /* UIResponder+Rx.swift in Sources */,
				45EAAE491DDD81E000FC7B6F /* Bundle+Name.swift in Sources */,
				4511E4091DE49DFC0026C975 /* Observable+timer.swift in Sources */,
				45EAAE351DDD7E8700FC7B6F /* CLLocationManager+Rx.swift in Sources */,
				45B928DC1DDD4FA000BDCB41 /* Collection+Rx.swift in Sources */,
				45EAAE3C1DDD7FDB00FC7B6F /* CLGeocoder+Rx.swift in Sources */,
				45B928F91DDD55C300BDCB41 /* RegularExpressionTextField.swift in Sources */,
				45B928CA1DDD42E300BDCB41 /* UIViewController+Alert.swift in Sources */,
				45B928E41DDD4FD000BDCB41 /* UITableView+Rx.swift in Sources */,
				45EE28691DE29F9C009F866E /* RightArrow+Rx.swift in Sources */,
				45B928EE1DDD500C00BDCB41 /* Optional+Rx.swift in Sources */,
				45B929021DDD5E2F00BDCB41 /* NSJSONSerialization+.swift in Sources */,
			);
			runOnlyForDeploymentPostprocessing = 0;
		};
		4535D2261DDC55B400C9677A /* Sources */ = {
			isa = PBXSourcesBuildPhase;
			buildActionMask = 2147483647;
			files = (
				4535D22F1DDC55B500C9677A /* ViewController.swift in Sources */,
				4535D22D1DDC55B500C9677A /* AppDelegate.swift in Sources */,
			);
			runOnlyForDeploymentPostprocessing = 0;
		};
/* End PBXSourcesBuildPhase section */

/* Begin PBXTargetDependency section */
		45A3D6331DE19156005B91A6 /* PBXTargetDependency */ = {
			isa = PBXTargetDependency;
			target = 4535D2191DDC547800C9677A /* BNKit */;
			targetProxy = 45A3D6321DE19156005B91A6 /* PBXContainerItemProxy */;
		};
/* End PBXTargetDependency section */

/* Begin PBXVariantGroup section */
		4535D2301DDC55B500C9677A /* Main.storyboard */ = {
			isa = PBXVariantGroup;
			children = (
				4535D2311DDC55B500C9677A /* Base */,
			);
			name = Main.storyboard;
			sourceTree = "<group>";
		};
		4535D2351DDC55B500C9677A /* LaunchScreen.storyboard */ = {
			isa = PBXVariantGroup;
			children = (
				4535D2361DDC55B500C9677A /* Base */,
			);
			name = LaunchScreen.storyboard;
			sourceTree = "<group>";
		};
/* End PBXVariantGroup section */

/* Begin XCBuildConfiguration section */
		4535D2201DDC547800C9677A /* Debug */ = {
			isa = XCBuildConfiguration;
			buildSettings = {
				ALWAYS_SEARCH_USER_PATHS = NO;
				CLANG_ANALYZER_NONNULL = YES;
				CLANG_CXX_LANGUAGE_STANDARD = "gnu++0x";
				CLANG_CXX_LIBRARY = "libc++";
				CLANG_ENABLE_MODULES = YES;
				CLANG_ENABLE_OBJC_ARC = YES;
				CLANG_WARN_BOOL_CONVERSION = YES;
				CLANG_WARN_CONSTANT_CONVERSION = YES;
				CLANG_WARN_DIRECT_OBJC_ISA_USAGE = YES_ERROR;
				CLANG_WARN_DOCUMENTATION_COMMENTS = YES;
				CLANG_WARN_EMPTY_BODY = YES;
				CLANG_WARN_ENUM_CONVERSION = YES;
				CLANG_WARN_INFINITE_RECURSION = YES;
				CLANG_WARN_INT_CONVERSION = YES;
				CLANG_WARN_OBJC_ROOT_CLASS = YES_ERROR;
				CLANG_WARN_SUSPICIOUS_MOVES = YES;
				CLANG_WARN_UNREACHABLE_CODE = YES;
				CLANG_WARN__DUPLICATE_METHOD_MATCH = YES;
				"CODE_SIGN_IDENTITY[sdk=iphoneos*]" = "iPhone Developer";
				COPY_PHASE_STRIP = NO;
				CURRENT_PROJECT_VERSION = 1;
				DEBUG_INFORMATION_FORMAT = dwarf;
				ENABLE_STRICT_OBJC_MSGSEND = YES;
				ENABLE_TESTABILITY = YES;
				GCC_C_LANGUAGE_STANDARD = gnu99;
				GCC_DYNAMIC_NO_PIC = NO;
				GCC_NO_COMMON_BLOCKS = YES;
				GCC_OPTIMIZATION_LEVEL = 0;
				GCC_PREPROCESSOR_DEFINITIONS = (
					"DEBUG=1",
					"$(inherited)",
				);
				GCC_WARN_64_TO_32_BIT_CONVERSION = YES;
				GCC_WARN_ABOUT_RETURN_TYPE = YES_ERROR;
				GCC_WARN_UNDECLARED_SELECTOR = YES;
				GCC_WARN_UNINITIALIZED_AUTOS = YES_AGGRESSIVE;
				GCC_WARN_UNUSED_FUNCTION = YES;
				GCC_WARN_UNUSED_VARIABLE = YES;
				IPHONEOS_DEPLOYMENT_TARGET = 9.0;
				MTL_ENABLE_DEBUG_INFO = YES;
				ONLY_ACTIVE_ARCH = YES;
				SDKROOT = iphoneos;
				SWIFT_ACTIVE_COMPILATION_CONDITIONS = DEBUG;
				SWIFT_OPTIMIZATION_LEVEL = "-Onone";
				TARGETED_DEVICE_FAMILY = "1,2";
				VERSIONING_SYSTEM = "apple-generic";
				VERSION_INFO_PREFIX = "";
			};
			name = Debug;
		};
		4535D2211DDC547800C9677A /* Release */ = {
			isa = XCBuildConfiguration;
			buildSettings = {
				ALWAYS_SEARCH_USER_PATHS = NO;
				CLANG_ANALYZER_NONNULL = YES;
				CLANG_CXX_LANGUAGE_STANDARD = "gnu++0x";
				CLANG_CXX_LIBRARY = "libc++";
				CLANG_ENABLE_MODULES = YES;
				CLANG_ENABLE_OBJC_ARC = YES;
				CLANG_WARN_BOOL_CONVERSION = YES;
				CLANG_WARN_CONSTANT_CONVERSION = YES;
				CLANG_WARN_DIRECT_OBJC_ISA_USAGE = YES_ERROR;
				CLANG_WARN_DOCUMENTATION_COMMENTS = YES;
				CLANG_WARN_EMPTY_BODY = YES;
				CLANG_WARN_ENUM_CONVERSION = YES;
				CLANG_WARN_INFINITE_RECURSION = YES;
				CLANG_WARN_INT_CONVERSION = YES;
				CLANG_WARN_OBJC_ROOT_CLASS = YES_ERROR;
				CLANG_WARN_SUSPICIOUS_MOVES = YES;
				CLANG_WARN_UNREACHABLE_CODE = YES;
				CLANG_WARN__DUPLICATE_METHOD_MATCH = YES;
				"CODE_SIGN_IDENTITY[sdk=iphoneos*]" = "iPhone Developer";
				COPY_PHASE_STRIP = NO;
				CURRENT_PROJECT_VERSION = 1;
				DEBUG_INFORMATION_FORMAT = "dwarf-with-dsym";
				ENABLE_NS_ASSERTIONS = NO;
				ENABLE_STRICT_OBJC_MSGSEND = YES;
				GCC_C_LANGUAGE_STANDARD = gnu99;
				GCC_NO_COMMON_BLOCKS = YES;
				GCC_WARN_64_TO_32_BIT_CONVERSION = YES;
				GCC_WARN_ABOUT_RETURN_TYPE = YES_ERROR;
				GCC_WARN_UNDECLARED_SELECTOR = YES;
				GCC_WARN_UNINITIALIZED_AUTOS = YES_AGGRESSIVE;
				GCC_WARN_UNUSED_FUNCTION = YES;
				GCC_WARN_UNUSED_VARIABLE = YES;
				IPHONEOS_DEPLOYMENT_TARGET = 9.0;
				MTL_ENABLE_DEBUG_INFO = NO;
				SDKROOT = iphoneos;
				SWIFT_OPTIMIZATION_LEVEL = "-Owholemodule";
				TARGETED_DEVICE_FAMILY = "1,2";
				VALIDATE_PRODUCT = YES;
				VERSIONING_SYSTEM = "apple-generic";
				VERSION_INFO_PREFIX = "";
			};
			name = Release;
		};
		4535D2231DDC547800C9677A /* Debug */ = {
			isa = XCBuildConfiguration;
			baseConfigurationReference = 003D51BF66C4C30A8B1DBB9C /* Pods-BNKit.debug.xcconfig */;
			buildSettings = {
				CLANG_ENABLE_MODULES = YES;
				CODE_SIGN_IDENTITY = "";
				DEFINES_MODULE = YES;
				DEVELOPMENT_TEAM = 6BDKUNMM63;
				DYLIB_COMPATIBILITY_VERSION = 1;
				DYLIB_CURRENT_VERSION = 1;
				DYLIB_INSTALL_NAME_BASE = "@rpath";
				INFOPLIST_FILE = BNKit/Info.plist;
				INSTALL_PATH = "$(LOCAL_LIBRARY_DIR)/Frameworks";
				LD_RUNPATH_SEARCH_PATHS = "$(inherited) @executable_path/Frameworks @loader_path/Frameworks";
				PRODUCT_BUNDLE_IDENTIFIER = org.cocoapods.BNKit;
				PRODUCT_NAME = "$(TARGET_NAME)";
				SKIP_INSTALL = YES;
				SWIFT_OPTIMIZATION_LEVEL = "-Onone";
				SWIFT_VERSION = 3.0;
			};
			name = Debug;
		};
		4535D2241DDC547800C9677A /* Release */ = {
			isa = XCBuildConfiguration;
			baseConfigurationReference = 3648547F319699904FE3D426 /* Pods-BNKit.release.xcconfig */;
			buildSettings = {
				CLANG_ENABLE_MODULES = YES;
				CODE_SIGN_IDENTITY = "";
				DEFINES_MODULE = YES;
				DEVELOPMENT_TEAM = 6BDKUNMM63;
				DYLIB_COMPATIBILITY_VERSION = 1;
				DYLIB_CURRENT_VERSION = 1;
				DYLIB_INSTALL_NAME_BASE = "@rpath";
				INFOPLIST_FILE = BNKit/Info.plist;
				INSTALL_PATH = "$(LOCAL_LIBRARY_DIR)/Frameworks";
				LD_RUNPATH_SEARCH_PATHS = "$(inherited) @executable_path/Frameworks @loader_path/Frameworks";
				PRODUCT_BUNDLE_IDENTIFIER = org.cocoapods.BNKit;
				PRODUCT_NAME = "$(TARGET_NAME)";
				SKIP_INSTALL = YES;
				SWIFT_VERSION = 3.0;
			};
			name = Release;
		};
		4535D23A1DDC55B500C9677A /* Debug */ = {
			isa = XCBuildConfiguration;
			baseConfigurationReference = FAC356473473655EEC57120C /* Pods-Example.debug.xcconfig */;
			buildSettings = {
				ALWAYS_EMBED_SWIFT_STANDARD_LIBRARIES = "$(inherited)";
				ASSETCATALOG_COMPILER_APPICON_NAME = AppIcon;
				DEVELOPMENT_TEAM = 6BDKUNMM63;
				INFOPLIST_FILE = Example/Info.plist;
				LD_RUNPATH_SEARCH_PATHS = "$(inherited) @executable_path/Frameworks";
				PRODUCT_BUNDLE_IDENTIFIER = cn.beeth0ven.Example;
				PRODUCT_NAME = "$(TARGET_NAME)";
				SWIFT_VERSION = 3.0;
			};
			name = Debug;
		};
		4535D23B1DDC55B500C9677A /* Release */ = {
			isa = XCBuildConfiguration;
			baseConfigurationReference = 26C42C3DCA5EC8BA3747E057 /* Pods-Example.release.xcconfig */;
			buildSettings = {
				ALWAYS_EMBED_SWIFT_STANDARD_LIBRARIES = "$(inherited)";
				ASSETCATALOG_COMPILER_APPICON_NAME = AppIcon;
				DEVELOPMENT_TEAM = 6BDKUNMM63;
				INFOPLIST_FILE = Example/Info.plist;
				LD_RUNPATH_SEARCH_PATHS = "$(inherited) @executable_path/Frameworks";
				PRODUCT_BUNDLE_IDENTIFIER = cn.beeth0ven.Example;
				PRODUCT_NAME = "$(TARGET_NAME)";
				SWIFT_VERSION = 3.0;
			};
			name = Release;
		};
/* End XCBuildConfiguration section */

/* Begin XCConfigurationList section */
		4535D2141DDC547800C9677A /* Build configuration list for PBXProject "BNKit" */ = {
			isa = XCConfigurationList;
			buildConfigurations = (
				4535D2201DDC547800C9677A /* Debug */,
				4535D2211DDC547800C9677A /* Release */,
			);
			defaultConfigurationIsVisible = 0;
			defaultConfigurationName = Release;
		};
		4535D2221DDC547800C9677A /* Build configuration list for PBXNativeTarget "BNKit" */ = {
			isa = XCConfigurationList;
			buildConfigurations = (
				4535D2231DDC547800C9677A /* Debug */,
				4535D2241DDC547800C9677A /* Release */,
			);
			defaultConfigurationIsVisible = 0;
			defaultConfigurationName = Release;
		};
		4535D2391DDC55B500C9677A /* Build configuration list for PBXNativeTarget "Example" */ = {
			isa = XCConfigurationList;
			buildConfigurations = (
				4535D23A1DDC55B500C9677A /* Debug */,
				4535D23B1DDC55B500C9677A /* Release */,
			);
			defaultConfigurationIsVisible = 0;
			defaultConfigurationName = Release;
		};
/* End XCConfigurationList section */
	};
	rootObject = 4535D2111DDC547800C9677A /* Project object */;
}
